
Microsoft Visual Studio Solution File, Format Version 12.00
# Visual Studio Version 17
VisualStudioVersion = 17.5.002.0
MinimumVisualStudioVersion = 10.0.40219.1
Project("{FAE04EC0-301F-11D3-BF4B-00C04F79EFBC}") = "StartupHook", "StartupHook\StartupHook.csproj", "{54445188-F66B-4427-9BA1-40332C77BEF2}"
EndProject
Project("{FAE04EC0-301F-11D3-BF4B-00C04F79EFBC}") = "WeatherApp", "WeatherApp\WeatherApp.csproj", "{3379D428-8804-4F5C-981B-47676610FF3B}"
EndProject
Project("{FAE04EC0-301F-11D3-BF4B-00C04F79EFBC}") = "TestEnvironment", "TestEnvironment\TestEnvironment.csproj", "{A59220AC-1D07-4435-9258-E14843398549}"
EndProject
Project("{FAE04EC0-301F-11D3-BF4B-00C04F79EFBC}") = "WeatherApp.Integration.Tests", "WeatherApp.Integration.Tests\WeatherApp.Integration.Tests.csproj", "{C3BCC2BE-6960-401C-A15D-9D81F42502AD}"
EndProject
Global
	GlobalSection(SolutionConfigurationPlatforms) = preSolution
		Debug|Any CPU = Debug|Any CPU
		Release|Any CPU = Release|Any CPU
	EndGlobalSection
	GlobalSection(ProjectConfigurationPlatforms) = postSolution
		{54445188-F66B-4427-9BA1-40332C77BEF2}.Debug|Any CPU.ActiveCfg = Debug|Any CPU
		{54445188-F66B-4427-9BA1-40332C77BEF2}.Debug|Any CPU.Build.0 = Debug|Any CPU
		{54445188-F66B-4427-9BA1-40332C77BEF2}.Release|Any CPU.ActiveCfg = Release|Any CPU
		{54445188-F66B-4427-9BA1-40332C77BEF2}.Release|Any CPU.Build.0 = Release|Any CPU
		{3379D428-8804-4F5C-981B-47676610FF3B}.Debug|Any CPU.ActiveCfg = Debug|Any CPU
		{3379D428-8804-4F5C-981B-47676610FF3B}.Debug|Any CPU.Build.0 = Debug|Any CPU
		{3379D428-8804-4F5C-981B-47676610FF3B}.Release|Any CPU.ActiveCfg = Release|Any CPU
		{3379D428-8804-4F5C-981B-47676610FF3B}.Release|Any CPU.Build.0 = Release|Any CPU
		{A59220AC-1D07-4435-9258-E14843398549}.Debug|Any CPU.ActiveCfg = Debug|Any CPU
		{A59220AC-1D07-4435-9258-E14843398549}.Debug|Any CPU.Build.0 = Debug|Any CPU
		{A59220AC-1D07-4435-9258-E14843398549}.Release|Any CPU.ActiveCfg = Release|Any CPU
		{A59220AC-1D07-4435-9258-E14843398549}.Release|Any CPU.Build.0 = Release|Any CPU
		{C3BCC2BE-6960-401C-A15D-9D81F42502AD}.Debug|Any CPU.ActiveCfg = Debug|Any CPU
		{C3BCC2BE-6960-401C-A15D-9D81F42502AD}.Debug|Any CPU.Build.0 = Debug|Any CPU
		{C3BCC2BE-6960-401C-A15D-9D81F42502AD}.Release|Any CPU.ActiveCfg = Release|Any CPU
		{C3BCC2BE-6960-401C-A15D-9D81F42502AD}.Release|Any CPU.Build.0 = Release|Any CPU
	EndGlobalSection
	GlobalSection(SolutionProperties) = preSolution
		HideSolutionNode = FALSE
	EndGlobalSection
	GlobalSection(ExtensibilityGlobals) = postSolution
		SolutionGuid = {3B56195D-05BA-4ADA-B5D5-4096E75216E5}
	EndGlobalSection
EndGlobal
